
Microsoft Visual Studio Solution File, Format Version 12.00
# Visual Studio 2013
VisualStudioVersion = 12.0.21005.1
MinimumVisualStudioVersion = 10.0.40219.1
Project("{FAE04EC0-301F-11D3-BF4B-00C04F79EFBC}") = "Chess.Domain", "Chess.Domain\Chess.Domain.csproj", "{BF8B09DA-13F6-4277-B0C5-049982639741}"
EndProject
Project("{FAE04EC0-301F-11D3-BF4B-00C04F79EFBC}") = "Chess.Data", "Chess.Data\Chess.Data.csproj", "{065793C0-A130-4440-8E67-FFCEAB1ACFE6}"
EndProject
Project("{FAE04EC0-301F-11D3-BF4B-00C04F79EFBC}") = "ChessSharp.Web", "ChessSharp.Web\ChessSharp.Web.csproj", "{9E72CB1C-1387-4D25-89E6-7C43A1A273BC}"
EndProject
Global
	GlobalSection(SolutionConfigurationPlatforms) = preSolution
		Debug|Any CPU = Debug|Any CPU
		Release|Any CPU = Release|Any CPU
	EndGlobalSection
	GlobalSection(ProjectConfigurationPlatforms) = postSolution
		{BF8B09DA-13F6-4277-B0C5-049982639741}.Debug|Any CPU.ActiveCfg = Debug|Any CPU
		{BF8B09DA-13F6-4277-B0C5-049982639741}.Debug|Any CPU.Build.0 = Debug|Any CPU
		{BF8B09DA-13F6-4277-B0C5-049982639741}.Release|Any CPU.ActiveCfg = Release|Any CPU
		{BF8B09DA-13F6-4277-B0C5-049982639741}.Release|Any CPU.Build.0 = Release|Any CPU
		{065793C0-A130-4440-8E67-FFCEAB1ACFE6}.Debug|Any CPU.ActiveCfg = Debug|Any CPU
		{065793C0-A130-4440-8E67-FFCEAB1ACFE6}.Debug|Any CPU.Build.0 = Debug|Any CPU
		{065793C0-A130-4440-8E67-FFCEAB1ACFE6}.Release|Any CPU.ActiveCfg = Release|Any CPU
		{065793C0-A130-4440-8E67-FFCEAB1ACFE6}.Release|Any CPU.Build.0 = Release|Any CPU
		{9E72CB1C-1387-4D25-89E6-7C43A1A273BC}.Debug|Any CPU.ActiveCfg = Debug|Any CPU
		{9E72CB1C-1387-4D25-89E6-7C43A1A273BC}.Debug|Any CPU.Build.0 = Debug|Any CPU
		{9E72CB1C-1387-4D25-89E6-7C43A1A273BC}.Release|Any CPU.ActiveCfg = Release|Any CPU
		{9E72CB1C-1387-4D25-89E6-7C43A1A273BC}.Release|Any CPU.Build.0 = Release|Any CPU
	EndGlobalSection
	GlobalSection(SolutionProperties) = preSolution
		HideSolutionNode = FALSE
	EndGlobalSection
EndGlobal
